
Microsoft Visual Studio Solution File, Format Version 12.00
# Visual Studio 14
VisualStudioVersion = 14.0.25420.1
MinimumVisualStudioVersion = 10.0.40219.1
Project("{2150E333-8FDC-42A3-9474-1A3956D46DE8}") = "Solution Items", "Solution Items", "{A0393DC1-7880-4C67-97B7-C941E8627C03}"
EndProject
Project("{2150E333-8FDC-42A3-9474-1A3956D46DE8}") = "JS", "JS", "{C323E9A6-6396-4F92-BFBF-8EEE80257EB1}"
EndProject
Project("{2150E333-8FDC-42A3-9474-1A3956D46DE8}") = "Bookmarks", "Bookmarks", "{EC9F3A25-A4FC-42B5-AD87-76BEDBB6C47A}"
EndProject
Project("{2150E333-8FDC-42A3-9474-1A3956D46DE8}") = "Admin", "Admin", "{A8FADB75-71E9-4E3D-8B25-25BBAE1CFCBE}"
	ProjectSection(SolutionItems) = preProject
		Bookmarks\Admin\Enable All Fields.url = Bookmarks\Admin\Enable All Fields.url
		Bookmarks\Admin\Get All Optionsets.url = Bookmarks\Admin\Get All Optionsets.url
		Bookmarks\Admin\Get document.readystate.url = Bookmarks\Admin\Get document.readystate.url
		Bookmarks\Admin\Get FormType.url = Bookmarks\Admin\Get FormType.url
		Bookmarks\Admin\Get Service Info.url = Bookmarks\Admin\Get Service Info.url
		Bookmarks\Admin\Get Solution Dependencies.url = Bookmarks\Admin\Get Solution Dependencies.url
		Bookmarks\Admin\God Mode.url = Bookmarks\Admin\God Mode.url
		Bookmarks\Admin\Publish All.url = Bookmarks\Admin\Publish All.url
		Bookmarks\Admin\Save & Publish.url = Bookmarks\Admin\Save & Publish.url
		Bookmarks\Admin\Show Hidden Fields.url = Bookmarks\Admin\Show Hidden Fields.url
		Bookmarks\Admin\Show Schema Names.url = Bookmarks\Admin\Show Schema Names.url
	EndProjectSection
EndProject
Project("{2150E333-8FDC-42A3-9474-1A3956D46DE8}") = "Admin", "Admin", "{E72EE657-26B8-4E51-8E69-F695FEB741AE}"
	ProjectSection(SolutionItems) = preProject
		EnableAllFields.js = EnableAllFields.js
	EndProjectSection
EndProject
Project("{2150E333-8FDC-42A3-9474-1A3956D46DE8}") = "Navigation", "Navigation", "{DD74A941-1682-454E-9627-0C2584749C92}"
	ProjectSection(SolutionItems) = preProject
		Bookmarks\Navigation\Open Advanced Find.url = Bookmarks\Navigation\Open Advanced Find.url
		Bookmarks\Navigation\Open CRM Announcements.url = Bookmarks\Navigation\Open CRM Announcements.url
		Bookmarks\Navigation\Open CRM Calendar.url = Bookmarks\Navigation\Open CRM Calendar.url
		Bookmarks\Navigation\Open Diagnostic Page.url = Bookmarks\Navigation\Open Diagnostic Page.url
		Bookmarks\Navigation\Open Entity Editor.url = Bookmarks\Navigation\Open Entity Editor.url
		Bookmarks\Navigation\Open Mobile Express.url = Bookmarks\Navigation\Open Mobile Express.url
		Bookmarks\Navigation\Open MoCA Client.url = Bookmarks\Navigation\Open MoCA Client.url
		Bookmarks\Navigation\Open Personal Wall.url = Bookmarks\Navigation\Open Personal Wall.url
		Bookmarks\Navigation\Open Record Wall.url = Bookmarks\Navigation\Open Record Wall.url
		Bookmarks\Navigation\Open Solution List.url = Bookmarks\Navigation\Open Solution List.url
		Bookmarks\Navigation\Open System Jobs.url = Bookmarks\Navigation\Open System Jobs.url
	EndProjectSection
EndProject
Project("{2150E333-8FDC-42A3-9474-1A3956D46DE8}") = "Records", "Records", "{03B01100-D6AF-48BD-A92F-8CDBD0025E1B}"
	ProjectSection(SolutionItems) = preProject
		Bookmarks\Records\Activate Record.url = Bookmarks\Records\Activate Record.url
		Bookmarks\Records\Create New Record.url = Bookmarks\Records\Create New Record.url
		Bookmarks\Records\Get Data Xml.url = Bookmarks\Records\Get Data Xml.url
		Bookmarks\Records\Get Dirty Fields.url = Bookmarks\Records\Get Dirty Fields.url
		Bookmarks\Records\Get Entity TypeCode.url = Bookmarks\Records\Get Entity TypeCode.url
		Bookmarks\Records\Get Field Value.url = Bookmarks\Records\Get Field Value.url
		Bookmarks\Records\Get Record Id.url = Bookmarks\Records\Get Record Id.url
		Bookmarks\Records\Get Record Url.url = Bookmarks\Records\Get Record Url.url
		Bookmarks\Records\Open Record from Lookup.url = Bookmarks\Records\Open Record from Lookup.url
		Bookmarks\Records\Refresh & Save Form.url = Bookmarks\Records\Refresh & Save Form.url
		Bookmarks\Records\Refresh Form.url = Bookmarks\Records\Refresh Form.url
		Bookmarks\Records\Save & Close.url = Bookmarks\Records\Save & Close.url
		Bookmarks\Records\Save & New.url = Bookmarks\Records\Save & New.url
		Bookmarks\Records\Save.url = Bookmarks\Records\Save.url
		Bookmarks\Records\Show Record Properties.url = Bookmarks\Records\Show Record Properties.url
	EndProjectSection
EndProject
Project("{2150E333-8FDC-42A3-9474-1A3956D46DE8}") = "Navigation", "Navigation", "{3A4C264D-EC6A-4115-81B8-17F9BB233D91}"
	ProjectSection(SolutionItems) = preProject
		JS\Navigation\Open Advanced Find.js = JS\Navigation\Open Advanced Find.js
	EndProjectSection
EndProject
Project("{2150E333-8FDC-42A3-9474-1A3956D46DE8}") = "Records", "Records", "{FDBB2259-D8FD-46A0-B7D6-F7FC3A5A33AE}"
	ProjectSection(SolutionItems) = preProject
		JS\Records\Activate Record.js = JS\Records\Activate Record.js
	EndProjectSection
EndProject
Global
	GlobalSection(SolutionProperties) = preSolution
		HideSolutionNode = FALSE
	EndGlobalSection
	GlobalSection(NestedProjects) = preSolution
		{C323E9A6-6396-4F92-BFBF-8EEE80257EB1} = {A0393DC1-7880-4C67-97B7-C941E8627C03}
		{EC9F3A25-A4FC-42B5-AD87-76BEDBB6C47A} = {A0393DC1-7880-4C67-97B7-C941E8627C03}
		{A8FADB75-71E9-4E3D-8B25-25BBAE1CFCBE} = {EC9F3A25-A4FC-42B5-AD87-76BEDBB6C47A}
		{E72EE657-26B8-4E51-8E69-F695FEB741AE} = {C323E9A6-6396-4F92-BFBF-8EEE80257EB1}
		{DD74A941-1682-454E-9627-0C2584749C92} = {EC9F3A25-A4FC-42B5-AD87-76BEDBB6C47A}
		{03B01100-D6AF-48BD-A92F-8CDBD0025E1B} = {EC9F3A25-A4FC-42B5-AD87-76BEDBB6C47A}
		{3A4C264D-EC6A-4115-81B8-17F9BB233D91} = {C323E9A6-6396-4F92-BFBF-8EEE80257EB1}
		{FDBB2259-D8FD-46A0-B7D6-F7FC3A5A33AE} = {C323E9A6-6396-4F92-BFBF-8EEE80257EB1}
	EndGlobalSection
EndGlobal
